
Microsoft Visual Studio Solution File, Format Version 12.00
# Visual Studio Version 16
VisualStudioVersion = 16.0.30621.155
MinimumVisualStudioVersion = 10.0.40219.1
Project("{FAE04EC0-301F-11D3-BF4B-00C04F79EFBC}") = "SymmetricAlgorithms", "SymmetricAlgorithms\SymmetricAlgorithms.csproj", "{D60BFDE2-E5D7-4A61-B902-770CC165DCC4}"
EndProject
Global
	GlobalSection(SolutionConfigurationPlatforms) = preSolution
		Debug|Any CPU = Debug|Any CPU
		Release|Any CPU = Release|Any CPU
	EndGlobalSection
	GlobalSection(ProjectConfigurationPlatforms) = postSolution
		{D60BFDE2-E5D7-4A61-B902-770CC165DCC4}.Debug|Any CPU.ActiveCfg = Debug|Any CPU
		{D60BFDE2-E5D7-4A61-B902-770CC165DCC4}.Debug|Any CPU.Build.0 = Debug|Any CPU
		{D60BFDE2-E5D7-4A61-B902-770CC165DCC4}.Release|Any CPU.ActiveCfg = Release|Any CPU
		{D60BFDE2-E5D7-4A61-B902-770CC165DCC4}.Release|Any CPU.Build.0 = Release|Any CPU
	EndGlobalSection
	GlobalSection(SolutionProperties) = preSolution
		HideSolutionNode = FALSE
	EndGlobalSection
	GlobalSection(ExtensibilityGlobals) = postSolution
		SolutionGuid = {07973C6A-DF34-42D9-8E38-0DB5F32AB665}
	EndGlobalSection
EndGlobal
